// !$*UTF8*$!
{
	archiveVersion = 1;
	classes = {
	};
	objectVersion = 50;
	objects = {

/* Begin PBXBuildFile section */
		362C6D3F2211C4BE0030FDAE /* AppDelegate.swift in Sources */ = {isa = PBXBuildFile; fileRef = 362C6D3E2211C4BE0030FDAE /* AppDelegate.swift */; };
		362C6D412211C4BE0030FDAE /* ViewController.swift in Sources */ = {isa = PBXBuildFile; fileRef = 362C6D402211C4BE0030FDAE /* ViewController.swift */; };
		362C6D442211C4BE0030FDAE /* Main.storyboard in Resources */ = {isa = PBXBuildFile; fileRef = 362C6D422211C4BE0030FDAE /* Main.storyboard */; };
		362C6D462211C4BE0030FDAE /* Assets.xcassets in Resources */ = {isa = PBXBuildFile; fileRef = 362C6D452211C4BE0030FDAE /* Assets.xcassets */; };
		362C6D492211C4BE0030FDAE /* LaunchScreen.storyboard in Resources */ = {isa = PBXBuildFile; fileRef = 362C6D472211C4BE0030FDAE /* LaunchScreen.storyboard */; };
		362C6D522211D4D60030FDAE /* Resnet50.mlmodel in Sources */ = {isa = PBXBuildFile; fileRef = 362C6D502211CA750030FDAE /* Resnet50.mlmodel */; };
/* End PBXBuildFile section */

/* Begin PBXFileReference section */
		362C6D3B2211C4BE0030FDAE /* RecognizAR.app */ = {isa = PBXFileReference; explicitFileType = wrapper.application; includeInIndex = 0; path = RecognizAR.app; sourceTree = BUILT_PRODUCTS_DIR; };
		362C6D3E2211C4BE0030FDAE /* AppDelegate.swift */ = {isa = PBXFileReference; lastKnownFileType = sourcecode.swift; path = AppDelegate.swift; sourceTree = "<group>"; };
		362C6D402211C4BE0030FDAE /* ViewController.swift */ = {isa = PBXFileReference; lastKnownFileType = sourcecode.swift; path = ViewController.swift; sourceTree = "<group>"; };
		362C6D432211C4BE0030FDAE /* Base */ = {isa = PBXFileReference; lastKnownFileType = file.storyboard; name = Base; path = Base.lproj/Main.storyboard; sourceTree = "<group>"; };
		362C6D452211C4BE0030FDAE /* Assets.xcassets */ = {isa = PBXFileReference; lastKnownFileType = folder.assetcatalog; path = Assets.xcassets; sourceTree = "<group>"; };
		362C6D482211C4BE0030FDAE /* Base */ = {isa = PBXFileReference; lastKnownFileType = file.storyboard; name = Base; path = Base.lproj/LaunchScreen.storyboard; sourceTree = "<group>"; };
		362C6D4A2211C4BE0030FDAE /* Info.plist */ = {isa = PBXFileReference; lastKnownFileType = text.plist.xml; path = Info.plist; sourceTree = "<group>"; };
		362C6D502211CA750030FDAE /* Resnet50.mlmodel */ = {isa = PBXFileReference; lastKnownFileType = file.mlmodel; path = Resnet50.mlmodel; sourceTree = "<group>"; };
/* End PBXFileReference section */

/* Begin PBXFrameworksBuildPhase section */
		362C6D382211C4BE0030FDAE /* Frameworks */ = {
			isa = PBXFrameworksBuildPhase;
			buildActionMask = 2147483647;
			files = (
			);
			runOnlyForDeploymentPostprocessing = 0;
		};
/* End PBXFrameworksBuildPhase section */

/* Begin PBXGroup section */
		362C6D322211C4BE0030FDAE = {
			isa = PBXGroup;
			children = (
				362C6D3D2211C4BE0030FDAE /* RecognizAR */,
				362C6D3C2211C4BE0030FDAE /* Products */,
			);
			sourceTree = "<group>";
		};
		362C6D3C2211C4BE0030FDAE /* Products */ = {
			isa = PBXGroup;
			children = (
				362C6D3B2211C4BE0030FDAE /* RecognizAR.app */,
			);
			name = Products;
			sourceTree = "<group>";
		};
		362C6D3D2211C4BE0030FDAE /* RecognizAR */ = {
			isa = PBXGroup;
			children = (
				362C6D502211CA750030FDAE /* Resnet50.mlmodel */,
				362C6D3E2211C4BE0030FDAE /* AppDelegate.swift */,
				362C6D402211C4BE0030FDAE /* ViewController.swift */,
				362C6D422211C4BE0030FDAE /* Main.storyboard */,
				362C6D452211C4BE0030FDAE /* Assets.xcassets */,
				362C6D472211C4BE0030FDAE /* LaunchScreen.storyboard */,
				362C6D4A2211C4BE0030FDAE /* Info.plist */,
			);
			path = RecognizAR;
			sourceTree = "<group>";
		};
/* End PBXGroup section */

/* Begin PBXNativeTarget section */
		362C6D3A2211C4BE0030FDAE /* RecognizAR */ = {
			isa = PBXNativeTarget;
			buildConfigurationList = 362C6D4D2211C4BE0030FDAE /* Build configuration list for PBXNativeTarget "RecognizAR" */;
			buildPhases = (
				362C6D372211C4BE0030FDAE /* Sources */,
				362C6D382211C4BE0030FDAE /* Frameworks */,
				362C6D392211C4BE0030FDAE /* Resources */,
			);
			buildRules = (
			);
			dependencies = (
			);
			name = RecognizAR;
			productName = RecognizAR;
			productReference = 362C6D3B2211C4BE0030FDAE /* RecognizAR.app */;
			productType = "com.apple.product-type.application";
		};
/* End PBXNativeTarget section */

/* Begin PBXProject section */
		362C6D332211C4BE0030FDAE /* Project object */ = {
			isa = PBXProject;
			attributes = {
				LastSwiftUpdateCheck = 1010;
				LastUpgradeCheck = 1010;
				ORGANIZATIONNAME = "Tanishq Gautam";
				TargetAttributes = {
					362C6D3A2211C4BE0030FDAE = {
						CreatedOnToolsVersion = 10.1;
						LastSwiftMigration = 1030;
					};
				};
			};
			buildConfigurationList = 362C6D362211C4BE0030FDAE /* Build configuration list for PBXProject "Recognizar" */;
			compatibilityVersion = "Xcode 9.3";
			developmentRegion = en;
			hasScannedForEncodings = 0;
			knownRegions = (
				en,
				Base,
			);
			mainGroup = 362C6D322211C4BE0030FDAE;
			productRefGroup = 362C6D3C2211C4BE0030FDAE /* Products */;
			projectDirPath = "";
			projectRoot = "";
			targets = (
				362C6D3A2211C4BE0030FDAE /* RecognizAR */,
			);
		};
/* End PBXProject section */

/* Begin PBXResourcesBuildPhase section */
		362C6D392211C4BE0030FDAE /* Resources */ = {
			isa = PBXResourcesBuildPhase;
			buildActionMask = 2147483647;
			files = (
				362C6D492211C4BE0030FDAE /* LaunchScreen.storyboard in Resources */,
				362C6D462211C4BE0030FDAE /* Assets.xcassets in Resources */,
				362C6D442211C4BE0030FDAE /* Main.storyboard in Resources */,
			);
			runOnlyForDeploymentPostprocessing = 0;
		};
/* End PBXResourcesBuildPhase section */

/* Begin PBXSourcesBuildPhase section */
		362C6D372211C4BE0030FDAE /* Sources */ = {
			isa = PBXSourcesBuildPhase;
			buildActionMask = 2147483647;
			files = (
				362C6D412211C4BE0030FDAE /* ViewController.swift in Sources */,
				362C6D522211D4D60030FDAE /* Resnet50.mlmodel in Sources */,
				362C6D3F2211C4BE0030FDAE /* AppDelegate.swift in Sources */,
			);
			runOnlyForDeploymentPostprocessing = 0;
		};
/* End PBXSourcesBuildPhase section */

/* Begin PBXVariantGroup section */
		362C6D422211C4BE0030FDAE /* Main.storyboard */ = {
			isa = PBXVariantGroup;
			children = (
				362C6D432211C4BE0030FDAE /* Base */,
			);
			name = Main.storyboard;
			sourceTree = "<group>";
		};
		362C6D472211C4BE0030FDAE /* LaunchScreen.storyboard */ = {
			isa = PBXVariantGroup;
			children = (
				362C6D482211C4BE0030FDAE /* Base */,
			);
			name = LaunchScreen.storyboard;
			sourceTree = "<group>";
		};
/* End PBXVariantGroup section */

/* Begin XCBuildConfiguration section */
		362C6D4B2211C4BE0030FDAE /* Debug */ = {
			isa = XCBuildConfiguration;
			buildSettings = {
				ALWAYS_SEARCH_USER_PATHS = NO;
				CLANG_ANALYZER_NONNULL = YES;
				CLANG_ANALYZER_NUMBER_OBJECT_CONVERSION = YES_AGGRESSIVE;
				CLANG_CXX_LANGUAGE_STANDARD = "gnu++14";
				CLANG_CXX_LIBRARY = "libc++";
				CLANG_ENABLE_MODULES = YES;
				CLANG_ENABLE_OBJC_ARC = YES;
				CLANG_ENABLE_OBJC_WEAK = YES;
				CLANG_WARN_BLOCK_CAPTURE_AUTORELEASING = YES;
				CLANG_WARN_BOOL_CONVERSION = YES;
				CLANG_WARN_COMMA = YES;
				CLANG_WARN_CONSTANT_CONVERSION = YES;
				CLANG_WARN_DEPRECATED_OBJC_IMPLEMENTATIONS = YES;
				CLANG_WARN_DIRECT_OBJC_ISA_USAGE = YES_ERROR;
				CLANG_WARN_DOCUMENTATION_COMMENTS = YES;
				CLANG_WARN_EMPTY_BODY = YES;
				CLANG_WARN_ENUM_CONVERSION = YES;
				CLANG_WARN_INFINITE_RECURSION = YES;
				CLANG_WARN_INT_CONVERSION = YES;
				CLANG_WARN_NON_LITERAL_NULL_CONVERSION = YES;
				CLANG_WARN_OBJC_IMPLICIT_RETAIN_SELF = YES;
				CLANG_WARN_OBJC_LITERAL_CONVERSION = YES;
				CLANG_WARN_OBJC_ROOT_CLASS = YES_ERROR;
				CLANG_WARN_RANGE_LOOP_ANALYSIS = YES;
				CLANG_WARN_STRICT_PROTOTYPES = YES;
				CLANG_WARN_SUSPICIOUS_MOVE = YES;
				CLANG_WARN_UNGUARDED_AVAILABILITY = YES_AGGRESSIVE;
				CLANG_WARN_UNREACHABLE_CODE = YES;
				CLANG_WARN__DUPLICATE_METHOD_MATCH = YES;
				CODE_SIGN_IDENTITY = "iPhone Developer";
				COPY_PHASE_STRIP = NO;
				DEBUG_INFORMATION_FORMAT = dwarf;
				ENABLE_STRICT_OBJC_MSGSEND = YES;
				ENABLE_TESTABILITY = YES;
				GCC_C_LANGUAGE_STANDARD = gnu11;
				GCC_DYNAMIC_NO_PIC = NO;
				GCC_NO_COMMON_BLOCKS = YES;
				GCC_OPTIMIZATION_LEVEL = 0;
				GCC_PREPROCESSOR_DEFINITIONS = (
					"DEBUG=1",
					"$(inherited)",
				);
				GCC_WARN_64_TO_32_BIT_CONVERSION = YES;
				GCC_WARN_ABOUT_RETURN_TYPE = YES_ERROR;
				GCC_WARN_UNDECLARED_SELECTOR = YES;
				GCC_WARN_UNINITIALIZED_AUTOS = YES_AGGRESSIVE;
				GCC_WARN_UNUSED_FUNCTION = YES;
				GCC_WARN_UNUSED_VARIABLE = YES;
				IPHONEOS_DEPLOYMENT_TARGET = 12.1;
				MTL_ENABLE_DEBUG_INFO = INCLUDE_SOURCE;
				MTL_FAST_MATH = YES;
				ONLY_ACTIVE_ARCH = YES;
				SDKROOT = iphoneos;
				SWIFT_ACTIVE_COMPILATION_CONDITIONS = DEBUG;
				SWIFT_OPTIMIZATION_LEVEL = "-Onone";
			};
			name = Debug;
		};
		362C6D4C2211C4BE0030FDAE /* Release */ = {
			isa = XCBuildConfiguration;
			buildSettings = {
				ALWAYS_SEARCH_USER_PATHS = NO;
				CLANG_ANALYZER_NONNULL = YES;
				CLANG_ANALYZER_NUMBER_OBJECT_CONVERSION = YES_AGGRESSIVE;
				CLANG_CXX_LANGUAGE_STANDARD = "gnu++14";
				CLANG_CXX_LIBRARY = "libc++";
				CLANG_ENABLE_MODULES = YES;
				CLANG_ENABLE_OBJC_ARC = YES;
				CLANG_ENABLE_OBJC_WEAK = YES;
				CLANG_WARN_BLOCK_CAPTURE_AUTORELEASING = YES;
				CLANG_WARN_BOOL_CONVERSION = YES;
				CLANG_WARN_COMMA = YES;
				CLANG_WARN_CONSTANT_CONVERSION = YES;
				CLANG_WARN_DEPRECATED_OBJC_IMPLEMENTATIONS = YES;
				CLANG_WARN_DIRECT_OBJC_ISA_USAGE = YES_ERROR;
				CLANG_WARN_DOCUMENTATION_COMMENTS = YES;
				CLANG_WARN_EMPTY_BODY = YES;
				CLANG_WARN_ENUM_CONVERSION = YES;
				CLANG_WARN_INFINITE_RECURSION = YES;
				CLANG_WARN_INT_CONVERSION = YES;
				CLANG_WARN_NON_LITERAL_NULL_CONVERSION = YES;
				CLANG_WARN_OBJC_IMPLICIT_RETAIN_SELF = YES;
				CLANG_WARN_OBJC_LITERAL_CONVERSION = YES;
				CLANG_WARN_OBJC_ROOT_CLASS = YES_ERROR;
				CLANG_WARN_RANGE_LOOP_ANALYSIS = YES;
				CLANG_WARN_STRICT_PROTOTYPES = YES;
				CLANG_WARN_SUSPICIOUS_MOVE = YES;
				CLANG_WARN_UNGUARDED_AVAILABILITY = YES_AGGRESSIVE;
				CLANG_WARN_UNREACHABLE_CODE = YES;
				CLANG_WARN__DUPLICATE_METHOD_MATCH = YES;
				CODE_SIGN_IDENTITY = "iPhone Developer";
				COPY_PHASE_STRIP = NO;
				DEBUG_INFORMATION_FORMAT = "dwarf-with-dsym";
				ENABLE_NS_ASSERTIONS = NO;
				ENABLE_STRICT_OBJC_MSGSEND = YES;
				GCC_C_LANGUAGE_STANDARD = gnu11;
				GCC_NO_COMMON_BLOCKS = YES;
				GCC_WARN_64_TO_32_BIT_CONVERSION = YES;
				GCC_WARN_ABOUT_RETURN_TYPE = YES_ERROR;
				GCC_WARN_UNDECLARED_SELECTOR = YES;
				GCC_WARN_UNINITIALIZED_AUTOS = YES_AGGRESSIVE;
				GCC_WARN_UNUSED_FUNCTION = YES;
				GCC_WARN_UNUSED_VARIABLE = YES;
				IPHONEOS_DEPLOYMENT_TARGET = 12.1;
				MTL_ENABLE_DEBUG_INFO = NO;
				MTL_FAST_MATH = YES;
				SDKROOT = iphoneos;
				SWIFT_COMPILATION_MODE = wholemodule;
				SWIFT_OPTIMIZATION_LEVEL = "-O";
				VALIDATE_PRODUCT = YES;
			};
			name = Release;
		};
		362C6D4E2211C4BE0030FDAE /* Debug */ = {
			isa = XCBuildConfiguration;
			buildSettings = {
				ASSETCATALOG_COMPILER_APPICON_NAME = AppIcon;
				CODE_SIGN_STYLE = Automatic;
				DEVELOPMENT_TEAM = 248HBPFVHZ;
				INFOPLIST_FILE = RecognizAR/Info.plist;
				LD_RUNPATH_SEARCH_PATHS = (
					"$(inherited)",
					"@executable_path/Frameworks",
				);
				PRODUCT_BUNDLE_IDENTIFIER = tanishqgautam;
				PRODUCT_NAME = "$(TARGET_NAME)";
				SWIFT_VERSION = 5.0;
				TARGETED_DEVICE_FAMILY = "1,2";
			};
			name = Debug;
		};
		362C6D4F2211C4BE0030FDAE /* Release */ = {
			isa = XCBuildConfiguration;
			buildSettings = {
				ASSETCATALOG_COMPILER_APPICON_NAME = AppIcon;
				CODE_SIGN_STYLE = Automatic;
				DEVELOPMENT_TEAM = 248HBPFVHZ;
				INFOPLIST_FILE = RecognizAR/Info.plist;
				LD_RUNPATH_SEARCH_PATHS = (
					"$(inherited)",
					"@executable_path/Frameworks",
				);
				PRODUCT_BUNDLE_IDENTIFIER = tanishqgautam;
				PRODUCT_NAME = "$(TARGET_NAME)";
				SWIFT_VERSION = 5.0;
				TARGETED_DEVICE_FAMILY = "1,2";
			};
			name = Release;
		};
/* End XCBuildConfiguration section */

/* Begin XCConfigurationList section */
		362C6D362211C4BE0030FDAE /* Build configuration list for PBXProject "Recognizar" */ = {
			isa = XCConfigurationList;
			buildConfigurations = (
				362C6D4B2211C4BE0030FDAE /* Debug */,
				362C6D4C2211C4BE0030FDAE /* Release */,
			);
			defaultConfigurationIsVisible = 0;
			defaultConfigurationName = Release;
		};
		362C6D4D2211C4BE0030FDAE /* Build configuration list for PBXNativeTarget "RecognizAR" */ = {
			isa = XCConfigurationList;
			buildConfigurations = (
				362C6D4E2211C4BE0030FDAE /* Debug */,
				362C6D4F2211C4BE0030FDAE /* Release */,
			);
			defaultConfigurationIsVisible = 0;
			defaultConfigurationName = Release;
		};
/* End XCConfigurationList section */
	};
	rootObject = 362C6D332211C4BE0030FDAE /* Project object */;
}
